
Microsoft Visual Studio Solution File, Format Version 12.00
# Visual Studio Version 17
VisualStudioVersion = 17.10.35013.160
MinimumVisualStudioVersion = 10.0.40219.1
Project("{8BC9CEB8-8B4A-11D0-8D11-00A0C91BC942}") = "MySTL", "MySTL\MySTL.vcxproj", "{43350533-0AAC-4905-93EF-73C22399055A}"
EndProject
Project("{8BC9CEB8-8B4A-11D0-8D11-00A0C91BC942}") = "MyList", "MyList\MyList.vcxproj", "{11EEC437-8928-46E1-8DC1-15A52CA5AFF8}"
EndProject
Project("{8BC9CEB8-8B4A-11D0-8D11-00A0C91BC942}") = "MyRBTree", "MyRBTree\MyRBTree.vcxproj", "{8412350C-21B5-4F31-98A6-47B50F25E673}"
EndProject
Global
	GlobalSection(SolutionConfigurationPlatforms) = preSolution
		Debug|x64 = Debug|x64
		Debug|x86 = Debug|x86
		Release|x64 = Release|x64
		Release|x86 = Release|x86
	EndGlobalSection
	GlobalSection(ProjectConfigurationPlatforms) = postSolution
		{43350533-0AAC-4905-93EF-73C22399055A}.Debug|x64.ActiveCfg = Debug|x64
		{43350533-0AAC-4905-93EF-73C22399055A}.Debug|x64.Build.0 = Debug|x64
		{43350533-0AAC-4905-93EF-73C22399055A}.Debug|x86.ActiveCfg = Debug|Win32
		{43350533-0AAC-4905-93EF-73C22399055A}.Debug|x86.Build.0 = Debug|Win32
		{43350533-0AAC-4905-93EF-73C22399055A}.Release|x64.ActiveCfg = Release|x64
		{43350533-0AAC-4905-93EF-73C22399055A}.Release|x64.Build.0 = Release|x64
		{43350533-0AAC-4905-93EF-73C22399055A}.Release|x86.ActiveCfg = Release|Win32
		{43350533-0AAC-4905-93EF-73C22399055A}.Release|x86.Build.0 = Release|Win32
		{11EEC437-8928-46E1-8DC1-15A52CA5AFF8}.Debug|x64.ActiveCfg = Debug|x64
		{11EEC437-8928-46E1-8DC1-15A52CA5AFF8}.Debug|x64.Build.0 = Debug|x64
		{11EEC437-8928-46E1-8DC1-15A52CA5AFF8}.Debug|x86.ActiveCfg = Debug|Win32
		{11EEC437-8928-46E1-8DC1-15A52CA5AFF8}.Debug|x86.Build.0 = Debug|Win32
		{11EEC437-8928-46E1-8DC1-15A52CA5AFF8}.Release|x64.ActiveCfg = Release|x64
		{11EEC437-8928-46E1-8DC1-15A52CA5AFF8}.Release|x64.Build.0 = Release|x64
		{11EEC437-8928-46E1-8DC1-15A52CA5AFF8}.Release|x86.ActiveCfg = Release|Win32
		{11EEC437-8928-46E1-8DC1-15A52CA5AFF8}.Release|x86.Build.0 = Release|Win32
		{8412350C-21B5-4F31-98A6-47B50F25E673}.Debug|x64.ActiveCfg = Debug|x64
		{8412350C-21B5-4F31-98A6-47B50F25E673}.Debug|x64.Build.0 = Debug|x64
		{8412350C-21B5-4F31-98A6-47B50F25E673}.Debug|x86.ActiveCfg = Debug|Win32
		{8412350C-21B5-4F31-98A6-47B50F25E673}.Debug|x86.Build.0 = Debug|Win32
		{8412350C-21B5-4F31-98A6-47B50F25E673}.Release|x64.ActiveCfg = Release|x64
		{8412350C-21B5-4F31-98A6-47B50F25E673}.Release|x64.Build.0 = Release|x64
		{8412350C-21B5-4F31-98A6-47B50F25E673}.Release|x86.ActiveCfg = Release|Win32
		{8412350C-21B5-4F31-98A6-47B50F25E673}.Release|x86.Build.0 = Release|Win32
	EndGlobalSection
	GlobalSection(SolutionProperties) = preSolution
		HideSolutionNode = FALSE
	EndGlobalSection
	GlobalSection(ExtensibilityGlobals) = postSolution
		SolutionGuid = {6C79C74A-35A9-4C3C-851C-E5D763C3181C}
	EndGlobalSection
EndGlobal
